
Microsoft Visual Studio Solution File, Format Version 12.00
# Visual Studio Version 17
VisualStudioVersion = 17.8.34525.116
MinimumVisualStudioVersion = 10.0.40219.1
Project("{FAE04EC0-301F-11D3-BF4B-00C04F79EFBC}") = "Endpoint", "Endpoint\Endpoint.csproj", "{0A07531E-ECBE-4974-9696-22ABD3E4A6E9}"
EndProject
Project("{FAE04EC0-301F-11D3-BF4B-00C04F79EFBC}") = "Endpoint.Repository", "Endpoint.Repository\Endpoint.Repository.csproj", "{86C51181-981D-4F8D-BEDD-54D1A958635D}"
EndProject
Project("{FAE04EC0-301F-11D3-BF4B-00C04F79EFBC}") = "Endpoint.Utilities", "Endpoint.Utilities\Endpoint.Utilities.csproj", "{0558E910-5672-47DC-A2A1-2616B5EFDE6D}"
EndProject
Global
	GlobalSection(SolutionConfigurationPlatforms) = preSolution
		Debug|Any CPU = Debug|Any CPU
		Release|Any CPU = Release|Any CPU
	EndGlobalSection
	GlobalSection(ProjectConfigurationPlatforms) = postSolution
		{0A07531E-ECBE-4974-9696-22ABD3E4A6E9}.Debug|Any CPU.ActiveCfg = Debug|Any CPU
		{0A07531E-ECBE-4974-9696-22ABD3E4A6E9}.Debug|Any CPU.Build.0 = Debug|Any CPU
		{0A07531E-ECBE-4974-9696-22ABD3E4A6E9}.Release|Any CPU.ActiveCfg = Release|Any CPU
		{0A07531E-ECBE-4974-9696-22ABD3E4A6E9}.Release|Any CPU.Build.0 = Release|Any CPU
		{86C51181-981D-4F8D-BEDD-54D1A958635D}.Debug|Any CPU.ActiveCfg = Debug|Any CPU
		{86C51181-981D-4F8D-BEDD-54D1A958635D}.Debug|Any CPU.Build.0 = Debug|Any CPU
		{86C51181-981D-4F8D-BEDD-54D1A958635D}.Release|Any CPU.ActiveCfg = Release|Any CPU
		{86C51181-981D-4F8D-BEDD-54D1A958635D}.Release|Any CPU.Build.0 = Release|Any CPU
		{0558E910-5672-47DC-A2A1-2616B5EFDE6D}.Debug|Any CPU.ActiveCfg = Debug|Any CPU
		{0558E910-5672-47DC-A2A1-2616B5EFDE6D}.Debug|Any CPU.Build.0 = Debug|Any CPU
		{0558E910-5672-47DC-A2A1-2616B5EFDE6D}.Release|Any CPU.ActiveCfg = Release|Any CPU
		{0558E910-5672-47DC-A2A1-2616B5EFDE6D}.Release|Any CPU.Build.0 = Release|Any CPU
	EndGlobalSection
	GlobalSection(SolutionProperties) = preSolution
		HideSolutionNode = FALSE
	EndGlobalSection
	GlobalSection(ExtensibilityGlobals) = postSolution
		SolutionGuid = {59F97B3E-C623-46AA-B9DC-E7BE244EAA41}
	EndGlobalSection
EndGlobal
